
Microsoft Visual Studio Solution File, Format Version 12.00
# Visual Studio 15
VisualStudioVersion = 15.0.28307.1401
MinimumVisualStudioVersion = 10.0.40219.1
Project("{FAE04EC0-301F-11D3-BF4B-00C04F79EFBC}") = "Homework5", "Homework5\Homework5.csproj", "{DB028B26-6E2D-4544-8413-8B4E8E860C47}"
EndProject
Project("{2150E333-8FDC-42A3-9474-1A3956D46DE8}") = "Solution Items", "Solution Items", "{AAE9F0C5-0B04-47BF-9449-510D7E264522}"
	ProjectSection(SolutionItems) = preProject
		Cargo.cs = Cargo.cs
		Client.cs = Client.cs
		Order.cs = Order.cs
		OrderDetails.cs = OrderDetails.cs
		OrderService.cs = OrderService.cs
	EndProjectSection
EndProject
Project("{FAE04EC0-301F-11D3-BF4B-00C04F79EFBC}") = "Homework5Tests", "Homework5Tests\Homework5Tests.csproj", "{EFB495AC-E49A-4451-A8C6-DB9FD53E8254}"
EndProject
Project("{FAE04EC0-301F-11D3-BF4B-00C04F79EFBC}") = "Homework8", "Homework8.csproj", "{54644F3E-EE22-4DB7-BC64-93C150E67789}"
EndProject
Global
	GlobalSection(SolutionConfigurationPlatforms) = preSolution
		Debug|Any CPU = Debug|Any CPU
		Release|Any CPU = Release|Any CPU
	EndGlobalSection
	GlobalSection(ProjectConfigurationPlatforms) = postSolution
		{DB028B26-6E2D-4544-8413-8B4E8E860C47}.Debug|Any CPU.ActiveCfg = Debug|Any CPU
		{DB028B26-6E2D-4544-8413-8B4E8E860C47}.Debug|Any CPU.Build.0 = Debug|Any CPU
		{DB028B26-6E2D-4544-8413-8B4E8E860C47}.Release|Any CPU.ActiveCfg = Release|Any CPU
		{DB028B26-6E2D-4544-8413-8B4E8E860C47}.Release|Any CPU.Build.0 = Release|Any CPU
		{EFB495AC-E49A-4451-A8C6-DB9FD53E8254}.Debug|Any CPU.ActiveCfg = Debug|Any CPU
		{EFB495AC-E49A-4451-A8C6-DB9FD53E8254}.Debug|Any CPU.Build.0 = Debug|Any CPU
		{EFB495AC-E49A-4451-A8C6-DB9FD53E8254}.Release|Any CPU.ActiveCfg = Release|Any CPU
		{EFB495AC-E49A-4451-A8C6-DB9FD53E8254}.Release|Any CPU.Build.0 = Release|Any CPU
		{54644F3E-EE22-4DB7-BC64-93C150E67789}.Debug|Any CPU.ActiveCfg = Debug|Any CPU
		{54644F3E-EE22-4DB7-BC64-93C150E67789}.Debug|Any CPU.Build.0 = Debug|Any CPU
		{54644F3E-EE22-4DB7-BC64-93C150E67789}.Release|Any CPU.ActiveCfg = Release|Any CPU
		{54644F3E-EE22-4DB7-BC64-93C150E67789}.Release|Any CPU.Build.0 = Release|Any CPU
	EndGlobalSection
	GlobalSection(SolutionProperties) = preSolution
		HideSolutionNode = FALSE
	EndGlobalSection
	GlobalSection(ExtensibilityGlobals) = postSolution
		SolutionGuid = {7F0886D4-D834-4971-8C7F-7D6DBFAF932E}
	EndGlobalSection
EndGlobal
