
Microsoft Visual Studio Solution File, Format Version 12.00
# Visual Studio 15
VisualStudioVersion = 15.0.28307.1401
MinimumVisualStudioVersion = 10.0.40219.1
Project("{FAE04EC0-301F-11D3-BF4B-00C04F79EFBC}") = "ex4", "ex4\ex4.csproj", "{B01AF021-DB85-468D-89F0-7A9D72F22AF6}"
EndProject
Project("{FAE04EC0-301F-11D3-BF4B-00C04F79EFBC}") = "Clock", "Clock\Clock.csproj", "{2BF04588-AE30-46AE-9623-874217AC092D}"
EndProject
Global
	GlobalSection(SolutionConfigurationPlatforms) = preSolution
		Debug|Any CPU = Debug|Any CPU
		Release|Any CPU = Release|Any CPU
	EndGlobalSection
	GlobalSection(ProjectConfigurationPlatforms) = postSolution
		{B01AF021-DB85-468D-89F0-7A9D72F22AF6}.Debug|Any CPU.ActiveCfg = Debug|Any CPU
		{B01AF021-DB85-468D-89F0-7A9D72F22AF6}.Debug|Any CPU.Build.0 = Debug|Any CPU
		{B01AF021-DB85-468D-89F0-7A9D72F22AF6}.Release|Any CPU.ActiveCfg = Release|Any CPU
		{B01AF021-DB85-468D-89F0-7A9D72F22AF6}.Release|Any CPU.Build.0 = Release|Any CPU
		{2BF04588-AE30-46AE-9623-874217AC092D}.Debug|Any CPU.ActiveCfg = Debug|Any CPU
		{2BF04588-AE30-46AE-9623-874217AC092D}.Debug|Any CPU.Build.0 = Debug|Any CPU
		{2BF04588-AE30-46AE-9623-874217AC092D}.Release|Any CPU.ActiveCfg = Release|Any CPU
		{2BF04588-AE30-46AE-9623-874217AC092D}.Release|Any CPU.Build.0 = Release|Any CPU
	EndGlobalSection
	GlobalSection(SolutionProperties) = preSolution
		HideSolutionNode = FALSE
	EndGlobalSection
	GlobalSection(ExtensibilityGlobals) = postSolution
		SolutionGuid = {58651E74-B47E-4F5C-BB64-4860010CAEF9}
	EndGlobalSection
EndGlobal
